
Microsoft Visual Studio Solution File, Format Version 12.00
# Visual Studio Version 17
VisualStudioVersion = 17.8.34511.84
MinimumVisualStudioVersion = 10.0.40219.1
Project("{2150E333-8FDC-42A3-9474-1A3956D46DE8}") = "src", "src", "{F9FB28FF-DDFB-4A3B-8E16-B19EA8E641FE}"
EndProject
Project("{2150E333-8FDC-42A3-9474-1A3956D46DE8}") = "tests", "tests", "{59A80071-A893-48BD-95FF-D6E63F5679B5}"
EndProject
Project("{FAE04EC0-301F-11D3-BF4B-00C04F79EFBC}") = "ManagementSystem.Core", "src\ManagementSystem.Core\ManagementSystem.Core.csproj", "{3D74295A-A4E2-4AC1-BC1A-5DD4ECAE2031}"
EndProject
Project("{FAE04EC0-301F-11D3-BF4B-00C04F79EFBC}") = "ManagementSystem.Application", "src\ManagementSystem.Application\ManagementSystem.Application.csproj", "{09DB796F-239D-4A13-B3AF-E16FFCC69DBB}"
EndProject
Project("{FAE04EC0-301F-11D3-BF4B-00C04F79EFBC}") = "ManagementSystem.Infrastructure.Data", "src\ManagementSystem.Infrastructure.Data\ManagementSystem.Infrastructure.Data.csproj", "{28EA0669-F900-4E48-A82D-71884AE58539}"
EndProject
Project("{FAE04EC0-301F-11D3-BF4B-00C04F79EFBC}") = "ManagementSystem.Infrastructure", "src\ManagementSystem.Infrastructure\ManagementSystem.Infrastructure.csproj", "{54CEEC30-D461-499E-87E5-ACEAB9BFC51B}"
EndProject
Project("{FAE04EC0-301F-11D3-BF4B-00C04F79EFBC}") = "ManagementSystem.Shared", "src\ManagementSystem.Shared\ManagementSystem.Shared.csproj", "{C38CF722-A978-4EE1-8C07-EDFEDFC2344A}"
EndProject
Project("{FAE04EC0-301F-11D3-BF4B-00C04F79EFBC}") = "ManagementSystem.WebUI", "src\ManagementSystem.WebUI\ManagementSystem.WebUI.csproj", "{409A0642-19A6-4FA9-896B-C860B314957E}"
EndProject
Project("{FAE04EC0-301F-11D3-BF4B-00C04F79EFBC}") = "ManagementSystem.WebAPI", "src\ManagementSystem.WebAPI\ManagementSystem.WebAPI.csproj", "{0D62F9D9-2798-4352-851D-9EB19A6A21BC}"
EndProject
Project("{FAE04EC0-301F-11D3-BF4B-00C04F79EFBC}") = "ManagementSystem.IdentityServer", "src\ManagementSystem.IdentityServer\ManagementSystem.IdentityServer.csproj", "{13D32DC7-9924-45FD-969F-52783B3CB61C}"
EndProject
Global
	GlobalSection(SolutionConfigurationPlatforms) = preSolution
		Debug|Any CPU = Debug|Any CPU
		Release|Any CPU = Release|Any CPU
	EndGlobalSection
	GlobalSection(ProjectConfigurationPlatforms) = postSolution
		{3D74295A-A4E2-4AC1-BC1A-5DD4ECAE2031}.Debug|Any CPU.ActiveCfg = Debug|Any CPU
		{3D74295A-A4E2-4AC1-BC1A-5DD4ECAE2031}.Debug|Any CPU.Build.0 = Debug|Any CPU
		{3D74295A-A4E2-4AC1-BC1A-5DD4ECAE2031}.Release|Any CPU.ActiveCfg = Release|Any CPU
		{3D74295A-A4E2-4AC1-BC1A-5DD4ECAE2031}.Release|Any CPU.Build.0 = Release|Any CPU
		{09DB796F-239D-4A13-B3AF-E16FFCC69DBB}.Debug|Any CPU.ActiveCfg = Debug|Any CPU
		{09DB796F-239D-4A13-B3AF-E16FFCC69DBB}.Debug|Any CPU.Build.0 = Debug|Any CPU
		{09DB796F-239D-4A13-B3AF-E16FFCC69DBB}.Release|Any CPU.ActiveCfg = Release|Any CPU
		{09DB796F-239D-4A13-B3AF-E16FFCC69DBB}.Release|Any CPU.Build.0 = Release|Any CPU
		{28EA0669-F900-4E48-A82D-71884AE58539}.Debug|Any CPU.ActiveCfg = Debug|Any CPU
		{28EA0669-F900-4E48-A82D-71884AE58539}.Debug|Any CPU.Build.0 = Debug|Any CPU
		{28EA0669-F900-4E48-A82D-71884AE58539}.Release|Any CPU.ActiveCfg = Release|Any CPU
		{28EA0669-F900-4E48-A82D-71884AE58539}.Release|Any CPU.Build.0 = Release|Any CPU
		{54CEEC30-D461-499E-87E5-ACEAB9BFC51B}.Debug|Any CPU.ActiveCfg = Debug|Any CPU
		{54CEEC30-D461-499E-87E5-ACEAB9BFC51B}.Debug|Any CPU.Build.0 = Debug|Any CPU
		{54CEEC30-D461-499E-87E5-ACEAB9BFC51B}.Release|Any CPU.ActiveCfg = Release|Any CPU
		{54CEEC30-D461-499E-87E5-ACEAB9BFC51B}.Release|Any CPU.Build.0 = Release|Any CPU
		{C38CF722-A978-4EE1-8C07-EDFEDFC2344A}.Debug|Any CPU.ActiveCfg = Debug|Any CPU
		{C38CF722-A978-4EE1-8C07-EDFEDFC2344A}.Debug|Any CPU.Build.0 = Debug|Any CPU
		{C38CF722-A978-4EE1-8C07-EDFEDFC2344A}.Release|Any CPU.ActiveCfg = Release|Any CPU
		{C38CF722-A978-4EE1-8C07-EDFEDFC2344A}.Release|Any CPU.Build.0 = Release|Any CPU
		{409A0642-19A6-4FA9-896B-C860B314957E}.Debug|Any CPU.ActiveCfg = Debug|Any CPU
		{409A0642-19A6-4FA9-896B-C860B314957E}.Debug|Any CPU.Build.0 = Debug|Any CPU
		{409A0642-19A6-4FA9-896B-C860B314957E}.Release|Any CPU.ActiveCfg = Release|Any CPU
		{409A0642-19A6-4FA9-896B-C860B314957E}.Release|Any CPU.Build.0 = Release|Any CPU
		{0D62F9D9-2798-4352-851D-9EB19A6A21BC}.Debug|Any CPU.ActiveCfg = Debug|Any CPU
		{0D62F9D9-2798-4352-851D-9EB19A6A21BC}.Debug|Any CPU.Build.0 = Debug|Any CPU
		{0D62F9D9-2798-4352-851D-9EB19A6A21BC}.Release|Any CPU.ActiveCfg = Release|Any CPU
		{0D62F9D9-2798-4352-851D-9EB19A6A21BC}.Release|Any CPU.Build.0 = Release|Any CPU
		{13D32DC7-9924-45FD-969F-52783B3CB61C}.Debug|Any CPU.ActiveCfg = Debug|Any CPU
		{13D32DC7-9924-45FD-969F-52783B3CB61C}.Debug|Any CPU.Build.0 = Debug|Any CPU
		{13D32DC7-9924-45FD-969F-52783B3CB61C}.Release|Any CPU.ActiveCfg = Release|Any CPU
		{13D32DC7-9924-45FD-969F-52783B3CB61C}.Release|Any CPU.Build.0 = Release|Any CPU
	EndGlobalSection
	GlobalSection(SolutionProperties) = preSolution
		HideSolutionNode = FALSE
	EndGlobalSection
	GlobalSection(NestedProjects) = preSolution
		{3D74295A-A4E2-4AC1-BC1A-5DD4ECAE2031} = {F9FB28FF-DDFB-4A3B-8E16-B19EA8E641FE}
		{09DB796F-239D-4A13-B3AF-E16FFCC69DBB} = {F9FB28FF-DDFB-4A3B-8E16-B19EA8E641FE}
		{28EA0669-F900-4E48-A82D-71884AE58539} = {F9FB28FF-DDFB-4A3B-8E16-B19EA8E641FE}
		{54CEEC30-D461-499E-87E5-ACEAB9BFC51B} = {F9FB28FF-DDFB-4A3B-8E16-B19EA8E641FE}
		{C38CF722-A978-4EE1-8C07-EDFEDFC2344A} = {F9FB28FF-DDFB-4A3B-8E16-B19EA8E641FE}
		{409A0642-19A6-4FA9-896B-C860B314957E} = {F9FB28FF-DDFB-4A3B-8E16-B19EA8E641FE}
		{0D62F9D9-2798-4352-851D-9EB19A6A21BC} = {F9FB28FF-DDFB-4A3B-8E16-B19EA8E641FE}
		{13D32DC7-9924-45FD-969F-52783B3CB61C} = {F9FB28FF-DDFB-4A3B-8E16-B19EA8E641FE}
	EndGlobalSection
	GlobalSection(ExtensibilityGlobals) = postSolution
		SolutionGuid = {0018C7E3-626D-457E-9F7B-26A34D383E42}
	EndGlobalSection
EndGlobal
